// !$*UTF8*$!
{
	archiveVersion = 1;
	classes = {
	};
	objectVersion = 48;
	objects = {

/* Begin PBXBuildFile section */
		22E4C98521CDF12C0032BE7F /* AppDelegate.m in Sources */ = {isa = PBXBuildFile; fileRef = 22E4C98421CDF12C0032BE7F /* AppDelegate.m */; };
		22E4C98821CDF12C0032BE7F /* ViewController.m in Sources */ = {isa = PBXBuildFile; fileRef = 22E4C98721CDF12C0032BE7F /* ViewController.m */; };
		22E4C98B21CDF12C0032BE7F /* Main.storyboard in Resources */ = {isa = PBXBuildFile; fileRef = 22E4C98921CDF12C0032BE7F /* Main.storyboard */; };
		22E4C98D21CDF12C0032BE7F /* Assets.xcassets in Resources */ = {isa = PBXBuildFile; fileRef = 22E4C98C21CDF12C0032BE7F /* Assets.xcassets */; };
		22E4C99021CDF12C0032BE7F /* LaunchScreen.storyboard in Resources */ = {isa = PBXBuildFile; fileRef = 22E4C98E21CDF12C0032BE7F /* LaunchScreen.storyboard */; };
		22E4C99321CDF12C0032BE7F /* main.m in Sources */ = {isa = PBXBuildFile; fileRef = 22E4C99221CDF12C0032BE7F /* main.m */; };
		22E4C99D21CE0D5F0032BE7F /* MainViewController.m in Sources */ = {isa = PBXBuildFile; fileRef = 22E4C99C21CE0D5F0032BE7F /* MainViewController.m */; };
		22E4C9A121CE12390032BE7F /* Father.m in Sources */ = {isa = PBXBuildFile; fileRef = 22E4C9A021CE12390032BE7F /* Father.m */; };
		22E4C9A421CE12410032BE7F /* Son.m in Sources */ = {isa = PBXBuildFile; fileRef = 22E4C9A321CE12410032BE7F /* Son.m */; };
/* End PBXBuildFile section */

/* Begin PBXFileReference section */
		22E4C98021CDF12C0032BE7F /* UNRecognisedSelector.app */ = {isa = PBXFileReference; explicitFileType = wrapper.application; includeInIndex = 0; path = UNRecognisedSelector.app; sourceTree = BUILT_PRODUCTS_DIR; };
		22E4C98321CDF12C0032BE7F /* AppDelegate.h */ = {isa = PBXFileReference; lastKnownFileType = sourcecode.c.h; path = AppDelegate.h; sourceTree = "<group>"; };
		22E4C98421CDF12C0032BE7F /* AppDelegate.m */ = {isa = PBXFileReference; lastKnownFileType = sourcecode.c.objc; path = AppDelegate.m; sourceTree = "<group>"; };
		22E4C98621CDF12C0032BE7F /* ViewController.h */ = {isa = PBXFileReference; lastKnownFileType = sourcecode.c.h; path = ViewController.h; sourceTree = "<group>"; };
		22E4C98721CDF12C0032BE7F /* ViewController.m */ = {isa = PBXFileReference; lastKnownFileType = sourcecode.c.objc; path = ViewController.m; sourceTree = "<group>"; };
		22E4C98A21CDF12C0032BE7F /* Base */ = {isa = PBXFileReference; lastKnownFileType = file.storyboard; name = Base; path = Base.lproj/Main.storyboard; sourceTree = "<group>"; };
		22E4C98C21CDF12C0032BE7F /* Assets.xcassets */ = {isa = PBXFileReference; lastKnownFileType = folder.assetcatalog; path = Assets.xcassets; sourceTree = "<group>"; };
		22E4C98F21CDF12C0032BE7F /* Base */ = {isa = PBXFileReference; lastKnownFileType = file.storyboard; name = Base; path = Base.lproj/LaunchScreen.storyboard; sourceTree = "<group>"; };
		22E4C99121CDF12C0032BE7F /* Info.plist */ = {isa = PBXFileReference; lastKnownFileType = text.plist.xml; path = Info.plist; sourceTree = "<group>"; };
		22E4C99221CDF12C0032BE7F /* main.m */ = {isa = PBXFileReference; lastKnownFileType = sourcecode.c.objc; path = main.m; sourceTree = "<group>"; };
		22E4C99B21CE0D5F0032BE7F /* MainViewController.h */ = {isa = PBXFileReference; lastKnownFileType = sourcecode.c.h; path = MainViewController.h; sourceTree = "<group>"; };
		22E4C99C21CE0D5F0032BE7F /* MainViewController.m */ = {isa = PBXFileReference; lastKnownFileType = sourcecode.c.objc; path = MainViewController.m; sourceTree = "<group>"; };
		22E4C99F21CE12390032BE7F /* Father.h */ = {isa = PBXFileReference; lastKnownFileType = sourcecode.c.h; path = Father.h; sourceTree = "<group>"; };
		22E4C9A021CE12390032BE7F /* Father.m */ = {isa = PBXFileReference; lastKnownFileType = sourcecode.c.objc; path = Father.m; sourceTree = "<group>"; };
		22E4C9A221CE12410032BE7F /* Son.h */ = {isa = PBXFileReference; lastKnownFileType = sourcecode.c.h; path = Son.h; sourceTree = "<group>"; };
		22E4C9A321CE12410032BE7F /* Son.m */ = {isa = PBXFileReference; lastKnownFileType = sourcecode.c.objc; path = Son.m; sourceTree = "<group>"; };
/* End PBXFileReference section */

/* Begin PBXFrameworksBuildPhase section */
		22E4C97D21CDF12C0032BE7F /* Frameworks */ = {
			isa = PBXFrameworksBuildPhase;
			buildActionMask = 2147483647;
			files = (
			);
			runOnlyForDeploymentPostprocessing = 0;
		};
/* End PBXFrameworksBuildPhase section */

/* Begin PBXGroup section */
		22E4C97721CDF12C0032BE7F = {
			isa = PBXGroup;
			children = (
				22E4C98221CDF12C0032BE7F /* UNRecognisedSelector */,
				22E4C98121CDF12C0032BE7F /* Products */,
			);
			sourceTree = "<group>";
		};
		22E4C98121CDF12C0032BE7F /* Products */ = {
			isa = PBXGroup;
			children = (
				22E4C98021CDF12C0032BE7F /* UNRecognisedSelector.app */,
			);
			name = Products;
			sourceTree = "<group>";
		};
		22E4C98221CDF12C0032BE7F /* UNRecognisedSelector */ = {
			isa = PBXGroup;
			children = (
				22E4C99E21CE122B0032BE7F /* Enity */,
				22E4C99A21CE0D510032BE7F /* Main */,
				22E4C99921CE0D3F0032BE7F /* Basic */,
				22E4C98921CDF12C0032BE7F /* Main.storyboard */,
				22E4C98C21CDF12C0032BE7F /* Assets.xcassets */,
				22E4C98E21CDF12C0032BE7F /* LaunchScreen.storyboard */,
				22E4C99121CDF12C0032BE7F /* Info.plist */,
				22E4C99221CDF12C0032BE7F /* main.m */,
			);
			path = UNRecognisedSelector;
			sourceTree = "<group>";
		};
		22E4C99921CE0D3F0032BE7F /* Basic */ = {
			isa = PBXGroup;
			children = (
				22E4C98321CDF12C0032BE7F /* AppDelegate.h */,
				22E4C98421CDF12C0032BE7F /* AppDelegate.m */,
				22E4C98621CDF12C0032BE7F /* ViewController.h */,
				22E4C98721CDF12C0032BE7F /* ViewController.m */,
			);
			path = Basic;
			sourceTree = "<group>";
		};
		22E4C99A21CE0D510032BE7F /* Main */ = {
			isa = PBXGroup;
			children = (
				22E4C99B21CE0D5F0032BE7F /* MainViewController.h */,
				22E4C99C21CE0D5F0032BE7F /* MainViewController.m */,
			);
			path = Main;
			sourceTree = "<group>";
		};
		22E4C99E21CE122B0032BE7F /* Enity */ = {
			isa = PBXGroup;
			children = (
				22E4C99F21CE12390032BE7F /* Father.h */,
				22E4C9A021CE12390032BE7F /* Father.m */,
				22E4C9A221CE12410032BE7F /* Son.h */,
				22E4C9A321CE12410032BE7F /* Son.m */,
			);
			path = Enity;
			sourceTree = "<group>";
		};
/* End PBXGroup section */

/* Begin PBXNativeTarget section */
		22E4C97F21CDF12C0032BE7F /* UNRecognisedSelector */ = {
			isa = PBXNativeTarget;
			buildConfigurationList = 22E4C99621CDF12C0032BE7F /* Build configuration list for PBXNativeTarget "UNRecognisedSelector" */;
			buildPhases = (
				22E4C97C21CDF12C0032BE7F /* Sources */,
				22E4C97D21CDF12C0032BE7F /* Frameworks */,
				22E4C97E21CDF12C0032BE7F /* Resources */,
			);
			buildRules = (
			);
			dependencies = (
			);
			name = UNRecognisedSelector;
			productName = UNRecognisedSelector;
			productReference = 22E4C98021CDF12C0032BE7F /* UNRecognisedSelector.app */;
			productType = "com.apple.product-type.application";
		};
/* End PBXNativeTarget section */

/* Begin PBXProject section */
		22E4C97821CDF12C0032BE7F /* Project object */ = {
			isa = PBXProject;
			attributes = {
				LastUpgradeCheck = 0920;
				ORGANIZATIONNAME = zzg;
				TargetAttributes = {
					22E4C97F21CDF12C0032BE7F = {
						CreatedOnToolsVersion = 9.2;
						ProvisioningStyle = Automatic;
					};
				};
			};
			buildConfigurationList = 22E4C97B21CDF12C0032BE7F /* Build configuration list for PBXProject "UNRecognisedSelector" */;
			compatibilityVersion = "Xcode 8.0";
			developmentRegion = en;
			hasScannedForEncodings = 0;
			knownRegions = (
				en,
				Base,
			);
			mainGroup = 22E4C97721CDF12C0032BE7F;
			productRefGroup = 22E4C98121CDF12C0032BE7F /* Products */;
			projectDirPath = "";
			projectRoot = "";
			targets = (
				22E4C97F21CDF12C0032BE7F /* UNRecognisedSelector */,
			);
		};
/* End PBXProject section */

/* Begin PBXResourcesBuildPhase section */
		22E4C97E21CDF12C0032BE7F /* Resources */ = {
			isa = PBXResourcesBuildPhase;
			buildActionMask = 2147483647;
			files = (
				22E4C99021CDF12C0032BE7F /* LaunchScreen.storyboard in Resources */,
				22E4C98D21CDF12C0032BE7F /* Assets.xcassets in Resources */,
				22E4C98B21CDF12C0032BE7F /* Main.storyboard in Resources */,
			);
			runOnlyForDeploymentPostprocessing = 0;
		};
/* End PBXResourcesBuildPhase section */

/* Begin PBXSourcesBuildPhase section */
		22E4C97C21CDF12C0032BE7F /* Sources */ = {
			isa = PBXSourcesBuildPhase;
			buildActionMask = 2147483647;
			files = (
				22E4C9A421CE12410032BE7F /* Son.m in Sources */,
				22E4C98821CDF12C0032BE7F /* ViewController.m in Sources */,
				22E4C99321CDF12C0032BE7F /* main.m in Sources */,
				22E4C98521CDF12C0032BE7F /* AppDelegate.m in Sources */,
				22E4C99D21CE0D5F0032BE7F /* MainViewController.m in Sources */,
				22E4C9A121CE12390032BE7F /* Father.m in Sources */,
			);
			runOnlyForDeploymentPostprocessing = 0;
		};
/* End PBXSourcesBuildPhase section */

/* Begin PBXVariantGroup section */
		22E4C98921CDF12C0032BE7F /* Main.storyboard */ = {
			isa = PBXVariantGroup;
			children = (
				22E4C98A21CDF12C0032BE7F /* Base */,
			);
			name = Main.storyboard;
			sourceTree = "<group>";
		};
		22E4C98E21CDF12C0032BE7F /* LaunchScreen.storyboard */ = {
			isa = PBXVariantGroup;
			children = (
				22E4C98F21CDF12C0032BE7F /* Base */,
			);
			name = LaunchScreen.storyboard;
			sourceTree = "<group>";
		};
/* End PBXVariantGroup section */

/* Begin XCBuildConfiguration section */
		22E4C99421CDF12C0032BE7F /* Debug */ = {
			isa = XCBuildConfiguration;
			buildSettings = {
				ALWAYS_SEARCH_USER_PATHS = NO;
				CLANG_ANALYZER_NONNULL = YES;
				CLANG_ANALYZER_NUMBER_OBJECT_CONVERSION = YES_AGGRESSIVE;
				CLANG_CXX_LANGUAGE_STANDARD = "gnu++14";
				CLANG_CXX_LIBRARY = "libc++";
				CLANG_ENABLE_MODULES = YES;
				CLANG_ENABLE_OBJC_ARC = YES;
				CLANG_WARN_BLOCK_CAPTURE_AUTORELEASING = YES;
				CLANG_WARN_BOOL_CONVERSION = YES;
				CLANG_WARN_COMMA = YES;
				CLANG_WARN_CONSTANT_CONVERSION = YES;
				CLANG_WARN_DIRECT_OBJC_ISA_USAGE = YES_ERROR;
				CLANG_WARN_DOCUMENTATION_COMMENTS = YES;
				CLANG_WARN_EMPTY_BODY = YES;
				CLANG_WARN_ENUM_CONVERSION = YES;
				CLANG_WARN_INFINITE_RECURSION = YES;
				CLANG_WARN_INT_CONVERSION = YES;
				CLANG_WARN_NON_LITERAL_NULL_CONVERSION = YES;
				CLANG_WARN_OBJC_LITERAL_CONVERSION = YES;
				CLANG_WARN_OBJC_ROOT_CLASS = YES_ERROR;
				CLANG_WARN_RANGE_LOOP_ANALYSIS = YES;
				CLANG_WARN_STRICT_PROTOTYPES = YES;
				CLANG_WARN_SUSPICIOUS_MOVE = YES;
				CLANG_WARN_UNGUARDED_AVAILABILITY = YES_AGGRESSIVE;
				CLANG_WARN_UNREACHABLE_CODE = YES;
				CLANG_WARN__DUPLICATE_METHOD_MATCH = YES;
				CODE_SIGN_IDENTITY = "iPhone Developer";
				COPY_PHASE_STRIP = NO;
				DEBUG_INFORMATION_FORMAT = dwarf;
				ENABLE_STRICT_OBJC_MSGSEND = YES;
				ENABLE_TESTABILITY = YES;
				GCC_C_LANGUAGE_STANDARD = gnu11;
				GCC_DYNAMIC_NO_PIC = NO;
				GCC_NO_COMMON_BLOCKS = YES;
				GCC_OPTIMIZATION_LEVEL = 0;
				GCC_PREPROCESSOR_DEFINITIONS = (
					"DEBUG=1",
					"$(inherited)",
				);
				GCC_WARN_64_TO_32_BIT_CONVERSION = YES;
				GCC_WARN_ABOUT_RETURN_TYPE = YES_ERROR;
				GCC_WARN_UNDECLARED_SELECTOR = YES;
				GCC_WARN_UNINITIALIZED_AUTOS = YES_AGGRESSIVE;
				GCC_WARN_UNUSED_FUNCTION = YES;
				GCC_WARN_UNUSED_VARIABLE = YES;
				IPHONEOS_DEPLOYMENT_TARGET = 11.2;
				MTL_ENABLE_DEBUG_INFO = YES;
				ONLY_ACTIVE_ARCH = YES;
				SDKROOT = iphoneos;
			};
			name = Debug;
		};
		22E4C99521CDF12C0032BE7F /* Release */ = {
			isa = XCBuildConfiguration;
			buildSettings = {
				ALWAYS_SEARCH_USER_PATHS = NO;
				CLANG_ANALYZER_NONNULL = YES;
				CLANG_ANALYZER_NUMBER_OBJECT_CONVERSION = YES_AGGRESSIVE;
				CLANG_CXX_LANGUAGE_STANDARD = "gnu++14";
				CLANG_CXX_LIBRARY = "libc++";
				CLANG_ENABLE_MODULES = YES;
				CLANG_ENABLE_OBJC_ARC = YES;
				CLANG_WARN_BLOCK_CAPTURE_AUTORELEASING = YES;
				CLANG_WARN_BOOL_CONVERSION = YES;
				CLANG_WARN_COMMA = YES;
				CLANG_WARN_CONSTANT_CONVERSION = YES;
				CLANG_WARN_DIRECT_OBJC_ISA_USAGE = YES_ERROR;
				CLANG_WARN_DOCUMENTATION_COMMENTS = YES;
				CLANG_WARN_EMPTY_BODY = YES;
				CLANG_WARN_ENUM_CONVERSION = YES;
				CLANG_WARN_INFINITE_RECURSION = YES;
				CLANG_WARN_INT_CONVERSION = YES;
				CLANG_WARN_NON_LITERAL_NULL_CONVERSION = YES;
				CLANG_WARN_OBJC_LITERAL_CONVERSION = YES;
				CLANG_WARN_OBJC_ROOT_CLASS = YES_ERROR;
				CLANG_WARN_RANGE_LOOP_ANALYSIS = YES;
				CLANG_WARN_STRICT_PROTOTYPES = YES;
				CLANG_WARN_SUSPICIOUS_MOVE = YES;
				CLANG_WARN_UNGUARDED_AVAILABILITY = YES_AGGRESSIVE;
				CLANG_WARN_UNREACHABLE_CODE = YES;
				CLANG_WARN__DUPLICATE_METHOD_MATCH = YES;
				CODE_SIGN_IDENTITY = "iPhone Developer";
				COPY_PHASE_STRIP = NO;
				DEBUG_INFORMATION_FORMAT = "dwarf-with-dsym";
				ENABLE_NS_ASSERTIONS = NO;
				ENABLE_STRICT_OBJC_MSGSEND = YES;
				GCC_C_LANGUAGE_STANDARD = gnu11;
				GCC_NO_COMMON_BLOCKS = YES;
				GCC_WARN_64_TO_32_BIT_CONVERSION = YES;
				GCC_WARN_ABOUT_RETURN_TYPE = YES_ERROR;
				GCC_WARN_UNDECLARED_SELECTOR = YES;
				GCC_WARN_UNINITIALIZED_AUTOS = YES_AGGRESSIVE;
				GCC_WARN_UNUSED_FUNCTION = YES;
				GCC_WARN_UNUSED_VARIABLE = YES;
				IPHONEOS_DEPLOYMENT_TARGET = 11.2;
				MTL_ENABLE_DEBUG_INFO = NO;
				SDKROOT = iphoneos;
				VALIDATE_PRODUCT = YES;
			};
			name = Release;
		};
		22E4C99721CDF12C0032BE7F /* Debug */ = {
			isa = XCBuildConfiguration;
			buildSettings = {
				ASSETCATALOG_COMPILER_APPICON_NAME = AppIcon;
				CODE_SIGN_STYLE = Automatic;
				INFOPLIST_FILE = UNRecognisedSelector/Info.plist;
				LD_RUNPATH_SEARCH_PATHS = "$(inherited) @executable_path/Frameworks";
				PRODUCT_BUNDLE_IDENTIFIER = test.UNRecognisedSelector;
				PRODUCT_NAME = "$(TARGET_NAME)";
				TARGETED_DEVICE_FAMILY = "1,2";
			};
			name = Debug;
		};
		22E4C99821CDF12C0032BE7F /* Release */ = {
			isa = XCBuildConfiguration;
			buildSettings = {
				ASSETCATALOG_COMPILER_APPICON_NAME = AppIcon;
				CODE_SIGN_STYLE = Automatic;
				INFOPLIST_FILE = UNRecognisedSelector/Info.plist;
				LD_RUNPATH_SEARCH_PATHS = "$(inherited) @executable_path/Frameworks";
				PRODUCT_BUNDLE_IDENTIFIER = test.UNRecognisedSelector;
				PRODUCT_NAME = "$(TARGET_NAME)";
				TARGETED_DEVICE_FAMILY = "1,2";
			};
			name = Release;
		};
/* End XCBuildConfiguration section */

/* Begin XCConfigurationList section */
		22E4C97B21CDF12C0032BE7F /* Build configuration list for PBXProject "UNRecognisedSelector" */ = {
			isa = XCConfigurationList;
			buildConfigurations = (
				22E4C99421CDF12C0032BE7F /* Debug */,
				22E4C99521CDF12C0032BE7F /* Release */,
			);
			defaultConfigurationIsVisible = 0;
			defaultConfigurationName = Release;
		};
		22E4C99621CDF12C0032BE7F /* Build configuration list for PBXNativeTarget "UNRecognisedSelector" */ = {
			isa = XCConfigurationList;
			buildConfigurations = (
				22E4C99721CDF12C0032BE7F /* Debug */,
				22E4C99821CDF12C0032BE7F /* Release */,
			);
			defaultConfigurationIsVisible = 0;
			defaultConfigurationName = Release;
		};
/* End XCConfigurationList section */
	};
	rootObject = 22E4C97821CDF12C0032BE7F /* Project object */;
}
