// !$*UTF8*$!
{
	archiveVersion = 1;
	classes = {
	};
	objectVersion = 48;
	objects = {

/* Begin PBXBuildFile section */
		2222D52621B10F45008A21DF /* GZIMCarousel.m in Sources */ = {isa = PBXBuildFile; fileRef = 2222D52121B10F45008A21DF /* GZIMCarousel.m */; };
		2222D52721B10F45008A21DF /* GZIMFlowLayout.m in Sources */ = {isa = PBXBuildFile; fileRef = 2222D52421B10F45008A21DF /* GZIMFlowLayout.m */; };
		2222D52A21B11218008A21DF /* UIScrollHeaderViewController.m in Sources */ = {isa = PBXBuildFile; fileRef = 2222D52921B11218008A21DF /* UIScrollHeaderViewController.m */; };
		2222D52F21B13352008A21DF /* GZIMPageControl.m in Sources */ = {isa = PBXBuildFile; fileRef = 2222D52E21B13352008A21DF /* GZIMPageControl.m */; };
		2222D53221B13AEE008A21DF /* CustomPageControl.m in Sources */ = {isa = PBXBuildFile; fileRef = 2222D53121B13AEE008A21DF /* CustomPageControl.m */; };
		2222D53521B4D116008A21DF /* UIView+GZCSAddition.m in Sources */ = {isa = PBXBuildFile; fileRef = 2222D53421B4D116008A21DF /* UIView+GZCSAddition.m */; };
		2222D53B21B4DC83008A21DF /* CollectionViewController.m in Sources */ = {isa = PBXBuildFile; fileRef = 2222D53A21B4DC83008A21DF /* CollectionViewController.m */; };
		2222D54321B515E4008A21DF /* GZIMAnimatedPageControl.m in Sources */ = {isa = PBXBuildFile; fileRef = 2222D53F21B515E3008A21DF /* GZIMAnimatedPageControl.m */; };
		2265912A219AC90400C9E8A8 /* AppDelegate.m in Sources */ = {isa = PBXBuildFile; fileRef = 22659129219AC90400C9E8A8 /* AppDelegate.m */; };
		22659130219AC90400C9E8A8 /* Main.storyboard in Resources */ = {isa = PBXBuildFile; fileRef = 2265912E219AC90400C9E8A8 /* Main.storyboard */; };
		22659132219AC90400C9E8A8 /* Assets.xcassets in Resources */ = {isa = PBXBuildFile; fileRef = 22659131219AC90400C9E8A8 /* Assets.xcassets */; };
		22659135219AC90400C9E8A8 /* LaunchScreen.storyboard in Resources */ = {isa = PBXBuildFile; fileRef = 22659133219AC90400C9E8A8 /* LaunchScreen.storyboard */; };
		22659138219AC90400C9E8A8 /* main.m in Sources */ = {isa = PBXBuildFile; fileRef = 22659137219AC90400C9E8A8 /* main.m */; };
		22659142219AC98100C9E8A8 /* MainViewController.m in Sources */ = {isa = PBXBuildFile; fileRef = 22659141219AC98100C9E8A8 /* MainViewController.m */; };
		22659145219AC9F500C9E8A8 /* GZIMCollectionViewController.m in Sources */ = {isa = PBXBuildFile; fileRef = 22659144219AC9F500C9E8A8 /* GZIMCollectionViewController.m */; };
		22659149219ACB6500C9E8A8 /* GZIMWorkspaceHeader.m in Sources */ = {isa = PBXBuildFile; fileRef = 22659148219ACB6500C9E8A8 /* GZIMWorkspaceHeader.m */; };
		2265914C219ACB7500C9E8A8 /* GZIMWorkspaceSectionFoot.m in Sources */ = {isa = PBXBuildFile; fileRef = 2265914B219ACB7500C9E8A8 /* GZIMWorkspaceSectionFoot.m */; };
		2265914F219ACCCE00C9E8A8 /* GZIMWorkspaceItemCell.m in Sources */ = {isa = PBXBuildFile; fileRef = 2265914E219ACCCE00C9E8A8 /* GZIMWorkspaceItemCell.m */; };
		22F1FBA321BF995A00F07F7D /* OSCardViewLayout.m in Sources */ = {isa = PBXBuildFile; fileRef = 22F1FBA221BF995A00F07F7D /* OSCardViewLayout.m */; };
		22F1FBAD21BFBCD300F07F7D /* AnimateViewController.m in Sources */ = {isa = PBXBuildFile; fileRef = 22F1FBAC21BFBCD300F07F7D /* AnimateViewController.m */; };
		22F1FBB021C0A90A00F07F7D /* AnimateFlowLayout.m in Sources */ = {isa = PBXBuildFile; fileRef = 22F1FBAF21C0A90A00F07F7D /* AnimateFlowLayout.m */; };
		22F1FBB421C0B93C00F07F7D /* DrawCollectionViewController.m in Sources */ = {isa = PBXBuildFile; fileRef = 22F1FBB321C0B93C00F07F7D /* DrawCollectionViewController.m */; };
		22F1FBB721C0B9D000F07F7D /* ShufflingView.m in Sources */ = {isa = PBXBuildFile; fileRef = 22F1FBB621C0B9D000F07F7D /* ShufflingView.m */; };
		22F1FBBA21C0BBC200F07F7D /* ShuffingFlowLayout.m in Sources */ = {isa = PBXBuildFile; fileRef = 22F1FBB921C0BBC200F07F7D /* ShuffingFlowLayout.m */; };
/* End PBXBuildFile section */

/* Begin PBXFileReference section */
		2222D52021B10F45008A21DF /* GZIMCarousel.h */ = {isa = PBXFileReference; fileEncoding = 4; lastKnownFileType = sourcecode.c.h; path = GZIMCarousel.h; sourceTree = "<group>"; };
		2222D52121B10F45008A21DF /* GZIMCarousel.m */ = {isa = PBXFileReference; fileEncoding = 4; lastKnownFileType = sourcecode.c.objc; path = GZIMCarousel.m; sourceTree = "<group>"; };
		2222D52221B10F45008A21DF /* GZIMCarouselProtocol.h */ = {isa = PBXFileReference; fileEncoding = 4; lastKnownFileType = sourcecode.c.h; path = GZIMCarouselProtocol.h; sourceTree = "<group>"; };
		2222D52321B10F45008A21DF /* GZIMFlowLayout.h */ = {isa = PBXFileReference; fileEncoding = 4; lastKnownFileType = sourcecode.c.h; path = GZIMFlowLayout.h; sourceTree = "<group>"; };
		2222D52421B10F45008A21DF /* GZIMFlowLayout.m */ = {isa = PBXFileReference; fileEncoding = 4; lastKnownFileType = sourcecode.c.objc; path = GZIMFlowLayout.m; sourceTree = "<group>"; };
		2222D52521B10F45008A21DF /* GZIMCarouselHeader.h */ = {isa = PBXFileReference; fileEncoding = 4; lastKnownFileType = sourcecode.c.h; path = GZIMCarouselHeader.h; sourceTree = "<group>"; };
		2222D52821B11218008A21DF /* UIScrollHeaderViewController.h */ = {isa = PBXFileReference; lastKnownFileType = sourcecode.c.h; path = UIScrollHeaderViewController.h; sourceTree = "<group>"; };
		2222D52921B11218008A21DF /* UIScrollHeaderViewController.m */ = {isa = PBXFileReference; lastKnownFileType = sourcecode.c.objc; path = UIScrollHeaderViewController.m; sourceTree = "<group>"; };
		2222D52D21B13352008A21DF /* GZIMPageControl.h */ = {isa = PBXFileReference; fileEncoding = 4; lastKnownFileType = sourcecode.c.h; path = GZIMPageControl.h; sourceTree = "<group>"; };
		2222D52E21B13352008A21DF /* GZIMPageControl.m */ = {isa = PBXFileReference; fileEncoding = 4; lastKnownFileType = sourcecode.c.objc; path = GZIMPageControl.m; sourceTree = "<group>"; };
		2222D53021B13AEE008A21DF /* CustomPageControl.h */ = {isa = PBXFileReference; lastKnownFileType = sourcecode.c.h; path = CustomPageControl.h; sourceTree = "<group>"; };
		2222D53121B13AEE008A21DF /* CustomPageControl.m */ = {isa = PBXFileReference; lastKnownFileType = sourcecode.c.objc; path = CustomPageControl.m; sourceTree = "<group>"; };
		2222D53321B4D115008A21DF /* UIView+GZCSAddition.h */ = {isa = PBXFileReference; fileEncoding = 4; lastKnownFileType = sourcecode.c.h; path = "UIView+GZCSAddition.h"; sourceTree = "<group>"; };
		2222D53421B4D116008A21DF /* UIView+GZCSAddition.m */ = {isa = PBXFileReference; fileEncoding = 4; lastKnownFileType = sourcecode.c.objc; path = "UIView+GZCSAddition.m"; sourceTree = "<group>"; };
		2222D53921B4DC83008A21DF /* CollectionViewController.h */ = {isa = PBXFileReference; lastKnownFileType = sourcecode.c.h; path = CollectionViewController.h; sourceTree = "<group>"; };
		2222D53A21B4DC83008A21DF /* CollectionViewController.m */ = {isa = PBXFileReference; lastKnownFileType = sourcecode.c.objc; path = CollectionViewController.m; sourceTree = "<group>"; };
		2222D53F21B515E3008A21DF /* GZIMAnimatedPageControl.m */ = {isa = PBXFileReference; fileEncoding = 4; lastKnownFileType = sourcecode.c.objc; path = GZIMAnimatedPageControl.m; sourceTree = "<group>"; };
		2222D54121B515E3008A21DF /* GZIMAnimatedPageControl.h */ = {isa = PBXFileReference; fileEncoding = 4; lastKnownFileType = sourcecode.c.h; path = GZIMAnimatedPageControl.h; sourceTree = "<group>"; };
		22659125219AC90400C9E8A8 /* UICollectionView.app */ = {isa = PBXFileReference; explicitFileType = wrapper.application; includeInIndex = 0; path = UICollectionView.app; sourceTree = BUILT_PRODUCTS_DIR; };
		22659128219AC90400C9E8A8 /* AppDelegate.h */ = {isa = PBXFileReference; lastKnownFileType = sourcecode.c.h; path = AppDelegate.h; sourceTree = "<group>"; };
		22659129219AC90400C9E8A8 /* AppDelegate.m */ = {isa = PBXFileReference; lastKnownFileType = sourcecode.c.objc; path = AppDelegate.m; sourceTree = "<group>"; };
		2265912F219AC90400C9E8A8 /* Base */ = {isa = PBXFileReference; lastKnownFileType = file.storyboard; name = Base; path = Base.lproj/Main.storyboard; sourceTree = "<group>"; };
		22659131219AC90400C9E8A8 /* Assets.xcassets */ = {isa = PBXFileReference; lastKnownFileType = folder.assetcatalog; path = Assets.xcassets; sourceTree = "<group>"; };
		22659134219AC90400C9E8A8 /* Base */ = {isa = PBXFileReference; lastKnownFileType = file.storyboard; name = Base; path = Base.lproj/LaunchScreen.storyboard; sourceTree = "<group>"; };
		22659136219AC90400C9E8A8 /* Info.plist */ = {isa = PBXFileReference; lastKnownFileType = text.plist.xml; path = Info.plist; sourceTree = "<group>"; };
		22659137219AC90400C9E8A8 /* main.m */ = {isa = PBXFileReference; lastKnownFileType = sourcecode.c.objc; path = main.m; sourceTree = "<group>"; };
		22659140219AC98100C9E8A8 /* MainViewController.h */ = {isa = PBXFileReference; lastKnownFileType = sourcecode.c.h; path = MainViewController.h; sourceTree = "<group>"; };
		22659141219AC98100C9E8A8 /* MainViewController.m */ = {isa = PBXFileReference; lastKnownFileType = sourcecode.c.objc; path = MainViewController.m; sourceTree = "<group>"; };
		22659143219AC9F500C9E8A8 /* GZIMCollectionViewController.h */ = {isa = PBXFileReference; lastKnownFileType = sourcecode.c.h; path = GZIMCollectionViewController.h; sourceTree = "<group>"; };
		22659144219AC9F500C9E8A8 /* GZIMCollectionViewController.m */ = {isa = PBXFileReference; lastKnownFileType = sourcecode.c.objc; path = GZIMCollectionViewController.m; sourceTree = "<group>"; };
		22659147219ACB6500C9E8A8 /* GZIMWorkspaceHeader.h */ = {isa = PBXFileReference; lastKnownFileType = sourcecode.c.h; path = GZIMWorkspaceHeader.h; sourceTree = "<group>"; };
		22659148219ACB6500C9E8A8 /* GZIMWorkspaceHeader.m */ = {isa = PBXFileReference; lastKnownFileType = sourcecode.c.objc; path = GZIMWorkspaceHeader.m; sourceTree = "<group>"; };
		2265914A219ACB7500C9E8A8 /* GZIMWorkspaceSectionFoot.h */ = {isa = PBXFileReference; lastKnownFileType = sourcecode.c.h; path = GZIMWorkspaceSectionFoot.h; sourceTree = "<group>"; };
		2265914B219ACB7500C9E8A8 /* GZIMWorkspaceSectionFoot.m */ = {isa = PBXFileReference; lastKnownFileType = sourcecode.c.objc; path = GZIMWorkspaceSectionFoot.m; sourceTree = "<group>"; };
		2265914D219ACCCE00C9E8A8 /* GZIMWorkspaceItemCell.h */ = {isa = PBXFileReference; lastKnownFileType = sourcecode.c.h; path = GZIMWorkspaceItemCell.h; sourceTree = "<group>"; };
		2265914E219ACCCE00C9E8A8 /* GZIMWorkspaceItemCell.m */ = {isa = PBXFileReference; lastKnownFileType = sourcecode.c.objc; path = GZIMWorkspaceItemCell.m; sourceTree = "<group>"; };
		22F1FBA121BF995A00F07F7D /* OSCardViewLayout.h */ = {isa = PBXFileReference; lastKnownFileType = sourcecode.c.h; path = OSCardViewLayout.h; sourceTree = "<group>"; };
		22F1FBA221BF995A00F07F7D /* OSCardViewLayout.m */ = {isa = PBXFileReference; lastKnownFileType = sourcecode.c.objc; path = OSCardViewLayout.m; sourceTree = "<group>"; };
		22F1FBAB21BFBCD300F07F7D /* AnimateViewController.h */ = {isa = PBXFileReference; lastKnownFileType = sourcecode.c.h; path = AnimateViewController.h; sourceTree = "<group>"; };
		22F1FBAC21BFBCD300F07F7D /* AnimateViewController.m */ = {isa = PBXFileReference; lastKnownFileType = sourcecode.c.objc; path = AnimateViewController.m; sourceTree = "<group>"; };
		22F1FBAE21C0A90A00F07F7D /* AnimateFlowLayout.h */ = {isa = PBXFileReference; lastKnownFileType = sourcecode.c.h; path = AnimateFlowLayout.h; sourceTree = "<group>"; };
		22F1FBAF21C0A90A00F07F7D /* AnimateFlowLayout.m */ = {isa = PBXFileReference; lastKnownFileType = sourcecode.c.objc; path = AnimateFlowLayout.m; sourceTree = "<group>"; };
		22F1FBB221C0B93C00F07F7D /* DrawCollectionViewController.h */ = {isa = PBXFileReference; lastKnownFileType = sourcecode.c.h; path = DrawCollectionViewController.h; sourceTree = "<group>"; };
		22F1FBB321C0B93C00F07F7D /* DrawCollectionViewController.m */ = {isa = PBXFileReference; lastKnownFileType = sourcecode.c.objc; path = DrawCollectionViewController.m; sourceTree = "<group>"; };
		22F1FBB521C0B9D000F07F7D /* ShufflingView.h */ = {isa = PBXFileReference; lastKnownFileType = sourcecode.c.h; path = ShufflingView.h; sourceTree = "<group>"; };
		22F1FBB621C0B9D000F07F7D /* ShufflingView.m */ = {isa = PBXFileReference; lastKnownFileType = sourcecode.c.objc; path = ShufflingView.m; sourceTree = "<group>"; };
		22F1FBB821C0BBC200F07F7D /* ShuffingFlowLayout.h */ = {isa = PBXFileReference; lastKnownFileType = sourcecode.c.h; path = ShuffingFlowLayout.h; sourceTree = "<group>"; };
		22F1FBB921C0BBC200F07F7D /* ShuffingFlowLayout.m */ = {isa = PBXFileReference; lastKnownFileType = sourcecode.c.objc; path = ShuffingFlowLayout.m; sourceTree = "<group>"; };
/* End PBXFileReference section */

/* Begin PBXFrameworksBuildPhase section */
		22659122219AC90400C9E8A8 /* Frameworks */ = {
			isa = PBXFrameworksBuildPhase;
			buildActionMask = 2147483647;
			files = (
			);
			runOnlyForDeploymentPostprocessing = 0;
		};
/* End PBXFrameworksBuildPhase section */

/* Begin PBXGroup section */
		2222D51F21B10F1A008A21DF /* UICollectionScrollHeader */ = {
			isa = PBXGroup;
			children = (
				2222D52021B10F45008A21DF /* GZIMCarousel.h */,
				2222D52121B10F45008A21DF /* GZIMCarousel.m */,
				2222D52521B10F45008A21DF /* GZIMCarouselHeader.h */,
				2222D52221B10F45008A21DF /* GZIMCarouselProtocol.h */,
				2222D52321B10F45008A21DF /* GZIMFlowLayout.h */,
				2222D52421B10F45008A21DF /* GZIMFlowLayout.m */,
			);
			path = UICollectionScrollHeader;
			sourceTree = "<group>";
		};
		2222D52C21B1333D008A21DF /* UIPageControl */ = {
			isa = PBXGroup;
			children = (
				2222D54121B515E3008A21DF /* GZIMAnimatedPageControl.h */,
				2222D53F21B515E3008A21DF /* GZIMAnimatedPageControl.m */,
				2222D53321B4D115008A21DF /* UIView+GZCSAddition.h */,
				2222D53421B4D116008A21DF /* UIView+GZCSAddition.m */,
				2222D52D21B13352008A21DF /* GZIMPageControl.h */,
				2222D52E21B13352008A21DF /* GZIMPageControl.m */,
				2222D53021B13AEE008A21DF /* CustomPageControl.h */,
				2222D53121B13AEE008A21DF /* CustomPageControl.m */,
			);
			path = UIPageControl;
			sourceTree = "<group>";
		};
		2265911C219AC90400C9E8A8 = {
			isa = PBXGroup;
			children = (
				22659127219AC90400C9E8A8 /* UICollectionView */,
				22659126219AC90400C9E8A8 /* Products */,
			);
			sourceTree = "<group>";
		};
		22659126219AC90400C9E8A8 /* Products */ = {
			isa = PBXGroup;
			children = (
				22659125219AC90400C9E8A8 /* UICollectionView.app */,
			);
			name = Products;
			sourceTree = "<group>";
		};
		22659127219AC90400C9E8A8 /* UICollectionView */ = {
			isa = PBXGroup;
			children = (
				22F1FBB121C0B87F00F07F7D /* DrawCollection */,
				22F1FBAA21BFBCBF00F07F7D /* Animate */,
				22F1FBA021BF992800F07F7D /* CollectionViewAnimate */,
				2222D52C21B1333D008A21DF /* UIPageControl */,
				2222D51F21B10F1A008A21DF /* UICollectionScrollHeader */,
				2265913F219AC96500C9E8A8 /* UICollectionView */,
				2265913E219AC95600C9E8A8 /* Basic */,
				2265912E219AC90400C9E8A8 /* Main.storyboard */,
				22659131219AC90400C9E8A8 /* Assets.xcassets */,
				22659133219AC90400C9E8A8 /* LaunchScreen.storyboard */,
				22659136219AC90400C9E8A8 /* Info.plist */,
				22659137219AC90400C9E8A8 /* main.m */,
			);
			path = UICollectionView;
			sourceTree = "<group>";
		};
		2265913E219AC95600C9E8A8 /* Basic */ = {
			isa = PBXGroup;
			children = (
				22659128219AC90400C9E8A8 /* AppDelegate.h */,
				22659129219AC90400C9E8A8 /* AppDelegate.m */,
			);
			path = Basic;
			sourceTree = "<group>";
		};
		2265913F219AC96500C9E8A8 /* UICollectionView */ = {
			isa = PBXGroup;
			children = (
				22659146219ACA3C00C9E8A8 /* Cell */,
				22659143219AC9F500C9E8A8 /* GZIMCollectionViewController.h */,
				22659144219AC9F500C9E8A8 /* GZIMCollectionViewController.m */,
				22659140219AC98100C9E8A8 /* MainViewController.h */,
				22659141219AC98100C9E8A8 /* MainViewController.m */,
				2222D52821B11218008A21DF /* UIScrollHeaderViewController.h */,
				2222D52921B11218008A21DF /* UIScrollHeaderViewController.m */,
				2222D53921B4DC83008A21DF /* CollectionViewController.h */,
				2222D53A21B4DC83008A21DF /* CollectionViewController.m */,
			);
			path = UICollectionView;
			sourceTree = "<group>";
		};
		22659146219ACA3C00C9E8A8 /* Cell */ = {
			isa = PBXGroup;
			children = (
				22659147219ACB6500C9E8A8 /* GZIMWorkspaceHeader.h */,
				22659148219ACB6500C9E8A8 /* GZIMWorkspaceHeader.m */,
				2265914A219ACB7500C9E8A8 /* GZIMWorkspaceSectionFoot.h */,
				2265914B219ACB7500C9E8A8 /* GZIMWorkspaceSectionFoot.m */,
				2265914D219ACCCE00C9E8A8 /* GZIMWorkspaceItemCell.h */,
				2265914E219ACCCE00C9E8A8 /* GZIMWorkspaceItemCell.m */,
			);
			path = Cell;
			sourceTree = "<group>";
		};
		22F1FBA021BF992800F07F7D /* CollectionViewAnimate */ = {
			isa = PBXGroup;
			children = (
				22F1FBA121BF995A00F07F7D /* OSCardViewLayout.h */,
				22F1FBA221BF995A00F07F7D /* OSCardViewLayout.m */,
			);
			path = CollectionViewAnimate;
			sourceTree = "<group>";
		};
		22F1FBAA21BFBCBF00F07F7D /* Animate */ = {
			isa = PBXGroup;
			children = (
				22F1FBAB21BFBCD300F07F7D /* AnimateViewController.h */,
				22F1FBAC21BFBCD300F07F7D /* AnimateViewController.m */,
				22F1FBAE21C0A90A00F07F7D /* AnimateFlowLayout.h */,
				22F1FBAF21C0A90A00F07F7D /* AnimateFlowLayout.m */,
			);
			path = Animate;
			sourceTree = "<group>";
		};
		22F1FBB121C0B87F00F07F7D /* DrawCollection */ = {
			isa = PBXGroup;
			children = (
				22F1FBB221C0B93C00F07F7D /* DrawCollectionViewController.h */,
				22F1FBB321C0B93C00F07F7D /* DrawCollectionViewController.m */,
				22F1FBB521C0B9D000F07F7D /* ShufflingView.h */,
				22F1FBB621C0B9D000F07F7D /* ShufflingView.m */,
				22F1FBB821C0BBC200F07F7D /* ShuffingFlowLayout.h */,
				22F1FBB921C0BBC200F07F7D /* ShuffingFlowLayout.m */,
			);
			path = DrawCollection;
			sourceTree = "<group>";
		};
/* End PBXGroup section */

/* Begin PBXNativeTarget section */
		22659124219AC90400C9E8A8 /* UICollectionView */ = {
			isa = PBXNativeTarget;
			buildConfigurationList = 2265913B219AC90400C9E8A8 /* Build configuration list for PBXNativeTarget "UICollectionView" */;
			buildPhases = (
				22659121219AC90400C9E8A8 /* Sources */,
				22659122219AC90400C9E8A8 /* Frameworks */,
				22659123219AC90400C9E8A8 /* Resources */,
			);
			buildRules = (
			);
			dependencies = (
			);
			name = UICollectionView;
			productName = UICollectionView;
			productReference = 22659125219AC90400C9E8A8 /* UICollectionView.app */;
			productType = "com.apple.product-type.application";
		};
/* End PBXNativeTarget section */

/* Begin PBXProject section */
		2265911D219AC90400C9E8A8 /* Project object */ = {
			isa = PBXProject;
			attributes = {
				LastUpgradeCheck = 0920;
				ORGANIZATIONNAME = zzg;
				TargetAttributes = {
					22659124219AC90400C9E8A8 = {
						CreatedOnToolsVersion = 9.2;
						ProvisioningStyle = Automatic;
					};
				};
			};
			buildConfigurationList = 22659120219AC90400C9E8A8 /* Build configuration list for PBXProject "UICollectionView" */;
			compatibilityVersion = "Xcode 8.0";
			developmentRegion = en;
			hasScannedForEncodings = 0;
			knownRegions = (
				en,
				Base,
			);
			mainGroup = 2265911C219AC90400C9E8A8;
			productRefGroup = 22659126219AC90400C9E8A8 /* Products */;
			projectDirPath = "";
			projectRoot = "";
			targets = (
				22659124219AC90400C9E8A8 /* UICollectionView */,
			);
		};
/* End PBXProject section */

/* Begin PBXResourcesBuildPhase section */
		22659123219AC90400C9E8A8 /* Resources */ = {
			isa = PBXResourcesBuildPhase;
			buildActionMask = 2147483647;
			files = (
				22659135219AC90400C9E8A8 /* LaunchScreen.storyboard in Resources */,
				22659132219AC90400C9E8A8 /* Assets.xcassets in Resources */,
				22659130219AC90400C9E8A8 /* Main.storyboard in Resources */,
			);
			runOnlyForDeploymentPostprocessing = 0;
		};
/* End PBXResourcesBuildPhase section */

/* Begin PBXSourcesBuildPhase section */
		22659121219AC90400C9E8A8 /* Sources */ = {
			isa = PBXSourcesBuildPhase;
			buildActionMask = 2147483647;
			files = (
				2222D53221B13AEE008A21DF /* CustomPageControl.m in Sources */,
				2222D54321B515E4008A21DF /* GZIMAnimatedPageControl.m in Sources */,
				22F1FBA321BF995A00F07F7D /* OSCardViewLayout.m in Sources */,
				22F1FBB021C0A90A00F07F7D /* AnimateFlowLayout.m in Sources */,
				22659145219AC9F500C9E8A8 /* GZIMCollectionViewController.m in Sources */,
				22F1FBBA21C0BBC200F07F7D /* ShuffingFlowLayout.m in Sources */,
				2222D53521B4D116008A21DF /* UIView+GZCSAddition.m in Sources */,
				22659138219AC90400C9E8A8 /* main.m in Sources */,
				2222D52721B10F45008A21DF /* GZIMFlowLayout.m in Sources */,
				2265914C219ACB7500C9E8A8 /* GZIMWorkspaceSectionFoot.m in Sources */,
				22F1FBB721C0B9D000F07F7D /* ShufflingView.m in Sources */,
				2265912A219AC90400C9E8A8 /* AppDelegate.m in Sources */,
				22F1FBAD21BFBCD300F07F7D /* AnimateViewController.m in Sources */,
				2222D53B21B4DC83008A21DF /* CollectionViewController.m in Sources */,
				2222D52F21B13352008A21DF /* GZIMPageControl.m in Sources */,
				2222D52A21B11218008A21DF /* UIScrollHeaderViewController.m in Sources */,
				22659142219AC98100C9E8A8 /* MainViewController.m in Sources */,
				22F1FBB421C0B93C00F07F7D /* DrawCollectionViewController.m in Sources */,
				22659149219ACB6500C9E8A8 /* GZIMWorkspaceHeader.m in Sources */,
				2222D52621B10F45008A21DF /* GZIMCarousel.m in Sources */,
				2265914F219ACCCE00C9E8A8 /* GZIMWorkspaceItemCell.m in Sources */,
			);
			runOnlyForDeploymentPostprocessing = 0;
		};
/* End PBXSourcesBuildPhase section */

/* Begin PBXVariantGroup section */
		2265912E219AC90400C9E8A8 /* Main.storyboard */ = {
			isa = PBXVariantGroup;
			children = (
				2265912F219AC90400C9E8A8 /* Base */,
			);
			name = Main.storyboard;
			sourceTree = "<group>";
		};
		22659133219AC90400C9E8A8 /* LaunchScreen.storyboard */ = {
			isa = PBXVariantGroup;
			children = (
				22659134219AC90400C9E8A8 /* Base */,
			);
			name = LaunchScreen.storyboard;
			sourceTree = "<group>";
		};
/* End PBXVariantGroup section */

/* Begin XCBuildConfiguration section */
		22659139219AC90400C9E8A8 /* Debug */ = {
			isa = XCBuildConfiguration;
			buildSettings = {
				ALWAYS_SEARCH_USER_PATHS = NO;
				CLANG_ANALYZER_NONNULL = YES;
				CLANG_ANALYZER_NUMBER_OBJECT_CONVERSION = YES_AGGRESSIVE;
				CLANG_CXX_LANGUAGE_STANDARD = "gnu++14";
				CLANG_CXX_LIBRARY = "libc++";
				CLANG_ENABLE_MODULES = YES;
				CLANG_ENABLE_OBJC_ARC = YES;
				CLANG_WARN_BLOCK_CAPTURE_AUTORELEASING = YES;
				CLANG_WARN_BOOL_CONVERSION = YES;
				CLANG_WARN_COMMA = YES;
				CLANG_WARN_CONSTANT_CONVERSION = YES;
				CLANG_WARN_DIRECT_OBJC_ISA_USAGE = YES_ERROR;
				CLANG_WARN_DOCUMENTATION_COMMENTS = YES;
				CLANG_WARN_EMPTY_BODY = YES;
				CLANG_WARN_ENUM_CONVERSION = YES;
				CLANG_WARN_INFINITE_RECURSION = YES;
				CLANG_WARN_INT_CONVERSION = YES;
				CLANG_WARN_NON_LITERAL_NULL_CONVERSION = YES;
				CLANG_WARN_OBJC_LITERAL_CONVERSION = YES;
				CLANG_WARN_OBJC_ROOT_CLASS = YES_ERROR;
				CLANG_WARN_RANGE_LOOP_ANALYSIS = YES;
				CLANG_WARN_STRICT_PROTOTYPES = YES;
				CLANG_WARN_SUSPICIOUS_MOVE = YES;
				CLANG_WARN_UNGUARDED_AVAILABILITY = YES_AGGRESSIVE;
				CLANG_WARN_UNREACHABLE_CODE = YES;
				CLANG_WARN__DUPLICATE_METHOD_MATCH = YES;
				CODE_SIGN_IDENTITY = "iPhone Developer";
				COPY_PHASE_STRIP = NO;
				DEBUG_INFORMATION_FORMAT = dwarf;
				ENABLE_STRICT_OBJC_MSGSEND = YES;
				ENABLE_TESTABILITY = YES;
				GCC_C_LANGUAGE_STANDARD = gnu11;
				GCC_DYNAMIC_NO_PIC = NO;
				GCC_NO_COMMON_BLOCKS = YES;
				GCC_OPTIMIZATION_LEVEL = 0;
				GCC_PREPROCESSOR_DEFINITIONS = (
					"DEBUG=1",
					"$(inherited)",
				);
				GCC_WARN_64_TO_32_BIT_CONVERSION = YES;
				GCC_WARN_ABOUT_RETURN_TYPE = YES_ERROR;
				GCC_WARN_UNDECLARED_SELECTOR = YES;
				GCC_WARN_UNINITIALIZED_AUTOS = YES_AGGRESSIVE;
				GCC_WARN_UNUSED_FUNCTION = YES;
				GCC_WARN_UNUSED_VARIABLE = YES;
				IPHONEOS_DEPLOYMENT_TARGET = 11.2;
				MTL_ENABLE_DEBUG_INFO = YES;
				ONLY_ACTIVE_ARCH = YES;
				SDKROOT = iphoneos;
			};
			name = Debug;
		};
		2265913A219AC90400C9E8A8 /* Release */ = {
			isa = XCBuildConfiguration;
			buildSettings = {
				ALWAYS_SEARCH_USER_PATHS = NO;
				CLANG_ANALYZER_NONNULL = YES;
				CLANG_ANALYZER_NUMBER_OBJECT_CONVERSION = YES_AGGRESSIVE;
				CLANG_CXX_LANGUAGE_STANDARD = "gnu++14";
				CLANG_CXX_LIBRARY = "libc++";
				CLANG_ENABLE_MODULES = YES;
				CLANG_ENABLE_OBJC_ARC = YES;
				CLANG_WARN_BLOCK_CAPTURE_AUTORELEASING = YES;
				CLANG_WARN_BOOL_CONVERSION = YES;
				CLANG_WARN_COMMA = YES;
				CLANG_WARN_CONSTANT_CONVERSION = YES;
				CLANG_WARN_DIRECT_OBJC_ISA_USAGE = YES_ERROR;
				CLANG_WARN_DOCUMENTATION_COMMENTS = YES;
				CLANG_WARN_EMPTY_BODY = YES;
				CLANG_WARN_ENUM_CONVERSION = YES;
				CLANG_WARN_INFINITE_RECURSION = YES;
				CLANG_WARN_INT_CONVERSION = YES;
				CLANG_WARN_NON_LITERAL_NULL_CONVERSION = YES;
				CLANG_WARN_OBJC_LITERAL_CONVERSION = YES;
				CLANG_WARN_OBJC_ROOT_CLASS = YES_ERROR;
				CLANG_WARN_RANGE_LOOP_ANALYSIS = YES;
				CLANG_WARN_STRICT_PROTOTYPES = YES;
				CLANG_WARN_SUSPICIOUS_MOVE = YES;
				CLANG_WARN_UNGUARDED_AVAILABILITY = YES_AGGRESSIVE;
				CLANG_WARN_UNREACHABLE_CODE = YES;
				CLANG_WARN__DUPLICATE_METHOD_MATCH = YES;
				CODE_SIGN_IDENTITY = "iPhone Developer";
				COPY_PHASE_STRIP = NO;
				DEBUG_INFORMATION_FORMAT = "dwarf-with-dsym";
				ENABLE_NS_ASSERTIONS = NO;
				ENABLE_STRICT_OBJC_MSGSEND = YES;
				GCC_C_LANGUAGE_STANDARD = gnu11;
				GCC_NO_COMMON_BLOCKS = YES;
				GCC_WARN_64_TO_32_BIT_CONVERSION = YES;
				GCC_WARN_ABOUT_RETURN_TYPE = YES_ERROR;
				GCC_WARN_UNDECLARED_SELECTOR = YES;
				GCC_WARN_UNINITIALIZED_AUTOS = YES_AGGRESSIVE;
				GCC_WARN_UNUSED_FUNCTION = YES;
				GCC_WARN_UNUSED_VARIABLE = YES;
				IPHONEOS_DEPLOYMENT_TARGET = 11.2;
				MTL_ENABLE_DEBUG_INFO = NO;
				SDKROOT = iphoneos;
				VALIDATE_PRODUCT = YES;
			};
			name = Release;
		};
		2265913C219AC90400C9E8A8 /* Debug */ = {
			isa = XCBuildConfiguration;
			buildSettings = {
				ASSETCATALOG_COMPILER_APPICON_NAME = AppIcon;
				CODE_SIGN_STYLE = Automatic;
				DEVELOPMENT_TEAM = QNBW2BT8S6;
				INFOPLIST_FILE = UICollectionView/Info.plist;
				IPHONEOS_DEPLOYMENT_TARGET = 9.0;
				LD_RUNPATH_SEARCH_PATHS = "$(inherited) @executable_path/Frameworks";
				PRODUCT_BUNDLE_IDENTIFIER = test.UICollectionView;
				PRODUCT_NAME = "$(TARGET_NAME)";
				TARGETED_DEVICE_FAMILY = "1,2";
			};
			name = Debug;
		};
		2265913D219AC90400C9E8A8 /* Release */ = {
			isa = XCBuildConfiguration;
			buildSettings = {
				ASSETCATALOG_COMPILER_APPICON_NAME = AppIcon;
				CODE_SIGN_STYLE = Automatic;
				DEVELOPMENT_TEAM = QNBW2BT8S6;
				INFOPLIST_FILE = UICollectionView/Info.plist;
				IPHONEOS_DEPLOYMENT_TARGET = 9.0;
				LD_RUNPATH_SEARCH_PATHS = "$(inherited) @executable_path/Frameworks";
				PRODUCT_BUNDLE_IDENTIFIER = test.UICollectionView;
				PRODUCT_NAME = "$(TARGET_NAME)";
				TARGETED_DEVICE_FAMILY = "1,2";
			};
			name = Release;
		};
/* End XCBuildConfiguration section */

/* Begin XCConfigurationList section */
		22659120219AC90400C9E8A8 /* Build configuration list for PBXProject "UICollectionView" */ = {
			isa = XCConfigurationList;
			buildConfigurations = (
				22659139219AC90400C9E8A8 /* Debug */,
				2265913A219AC90400C9E8A8 /* Release */,
			);
			defaultConfigurationIsVisible = 0;
			defaultConfigurationName = Release;
		};
		2265913B219AC90400C9E8A8 /* Build configuration list for PBXNativeTarget "UICollectionView" */ = {
			isa = XCConfigurationList;
			buildConfigurations = (
				2265913C219AC90400C9E8A8 /* Debug */,
				2265913D219AC90400C9E8A8 /* Release */,
			);
			defaultConfigurationIsVisible = 0;
			defaultConfigurationName = Release;
		};
/* End XCConfigurationList section */
	};
	rootObject = 2265911D219AC90400C9E8A8 /* Project object */;
}
